{
    "version": 3,
    "terraform_version": "0.11.11",
    "serial": 2,
    "lineage": "7d0a56c5-191b-7c61-3a99-2272dbfe1b4c",
    "modules": [
        {
            "path": [
                "root"
            ],
            "outputs": {},
            "resources": {
                "aws_subnet.testing_subnet": {
                    "type": "aws_subnet",
                    "depends_on": [
                        "aws_vpc.testing"
                    ],
                    "primary": {
                        "id": "subnet-02f55f00f4df1918c",
                        "attributes": {
                            "arn": "arn:aws:ec2:us-east-1:384143305304:subnet/subnet-02f55f00f4df1918c",
                            "assign_ipv6_address_on_creation": "false",
                            "availability_zone": "us-east-1f",
                            "availability_zone_id": "use1-az5",
                            "cidr_block": "10.1.0.0/16",
                            "id": "subnet-02f55f00f4df1918c",
                            "ipv6_cidr_block": "",
                            "ipv6_cidr_block_association_id": "",
                            "map_public_ip_on_launch": "false",
                            "owner_id": "384143305304",
                            "tags.%": "1",
                            "tags.name": "test_subnet",
                            "vpc_id": "vpc-0b5cd1336a137b5ac"
                        },
                        "meta": {
                            "e2bfb730-ecaa-11e6-8f88-34363bc7c4c0": {
                                "create": 600000000000,
                                "delete": 1200000000000
                            },
                            "schema_version": "1"
                        },
                        "tainted": false
                    },
                    "deposed": [],
                    "provider": "provider.aws"
                },
                "aws_vpc.testing": {
                    "type": "aws_vpc",
                    "depends_on": [],
                    "primary": {
                        "id": "vpc-0b5cd1336a137b5ac",
                        "attributes": {
                            "arn": "arn:aws:ec2:us-east-1:384143305304:vpc/vpc-0b5cd1336a137b5ac",
                            "assign_generated_ipv6_cidr_block": "false",
                            "cidr_block": "10.1.0.0/16",
                            "default_network_acl_id": "acl-02ef62e29ffd53109",
                            "default_route_table_id": "rtb-0f8943ec00e6a6acc",
                            "default_security_group_id": "sg-0517ceca5c93275e0",
                            "dhcp_options_id": "dopt-d94542a2",
                            "enable_classiclink": "false",
                            "enable_classiclink_dns_support": "false",
                            "enable_dns_hostnames": "false",
                            "enable_dns_support": "true",
                            "id": "vpc-0b5cd1336a137b5ac",
                            "instance_tenancy": "default",
                            "ipv6_association_id": "",
                            "ipv6_cidr_block": "",
                            "main_route_table_id": "rtb-0f8943ec00e6a6acc",
                            "owner_id": "384143305304",
                            "tags.%": "2",
                            "tags.Name": "testing",
                            "tags.location": "Hydrabad"
                        },
                        "meta": {
                            "schema_version": "1"
                        },
                        "tainted": false
                    },
                    "deposed": [],
                    "provider": "provider.aws"
                }
            },
            "depends_on": []
        }
    ]
}
